
Microsoft Visual Studio Solution File, Format Version 12.00
# Visual Studio Version 16
VisualStudioVersion = 16.0.31112.23
MinimumVisualStudioVersion = 10.0.40219.1
Project("{FAE04EC0-301F-11D3-BF4B-00C04F79EFBC}") = "BurgerKingCore", "BurgerKingCore\BurgerKingCore.csproj", "{BA56BB6C-B537-46B7-99B1-7F6124732FAD}"
EndProject
Global
	GlobalSection(SolutionConfigurationPlatforms) = preSolution
		Debug|Any CPU = Debug|Any CPU
		Release|Any CPU = Release|Any CPU
	EndGlobalSection
	GlobalSection(ProjectConfigurationPlatforms) = postSolution
		{BA56BB6C-B537-46B7-99B1-7F6124732FAD}.Debug|Any CPU.ActiveCfg = Debug|Any CPU
		{BA56BB6C-B537-46B7-99B1-7F6124732FAD}.Debug|Any CPU.Build.0 = Debug|Any CPU
		{BA56BB6C-B537-46B7-99B1-7F6124732FAD}.Release|Any CPU.ActiveCfg = Release|Any CPU
		{BA56BB6C-B537-46B7-99B1-7F6124732FAD}.Release|Any CPU.Build.0 = Release|Any CPU
	EndGlobalSection
	GlobalSection(SolutionProperties) = preSolution
		HideSolutionNode = FALSE
	EndGlobalSection
	GlobalSection(ExtensibilityGlobals) = postSolution
		SolutionGuid = {157B10DD-BC5E-47FA-A888-56DB6449451C}
	EndGlobalSection
EndGlobal
